
Microsoft Visual Studio Solution File, Format Version 12.00
# Visual Studio Version 17
VisualStudioVersion = 17.11.35312.102
MinimumVisualStudioVersion = 10.0.40219.1
Project("{FAE04EC0-301F-11D3-BF4B-00C04F79EFBC}") = "Youtube", "Youtube.csproj", "{B1677EAA-FADD-446C-BD2D-789931FA788C}"
EndProject
Global
	GlobalSection(SolutionConfigurationPlatforms) = preSolution
		Debug|Any CPU = Debug|Any CPU
		Release|Any CPU = Release|Any CPU
	EndGlobalSection
	GlobalSection(ProjectConfigurationPlatforms) = postSolution
		{B1677EAA-FADD-446C-BD2D-789931FA788C}.Debug|Any CPU.ActiveCfg = Debug|Any CPU
		{B1677EAA-FADD-446C-BD2D-789931FA788C}.Debug|Any CPU.Build.0 = Debug|Any CPU
		{B1677EAA-FADD-446C-BD2D-789931FA788C}.Release|Any CPU.ActiveCfg = Release|Any CPU
		{B1677EAA-FADD-446C-BD2D-789931FA788C}.Release|Any CPU.Build.0 = Release|Any CPU
	EndGlobalSection
	GlobalSection(SolutionProperties) = preSolution
		HideSolutionNode = FALSE
	EndGlobalSection
	GlobalSection(ExtensibilityGlobals) = postSolution
		SolutionGuid = {F7386991-1624-4337-81CB-715F04BC90BF}
	EndGlobalSection
EndGlobal
